
Microsoft Visual Studio Solution File, Format Version 12.00
# Visual Studio Version 16
VisualStudioVersion = 16.0.32929.386
MinimumVisualStudioVersion = 10.0.40219.1
Project("{FAE04EC0-301F-11D3-BF4B-00C04F79EFBC}") = "Lab2.15", "Lab2.15.csproj", "{9CF96AE2-3945-4165-A2EC-36D03D3AB6B6}"
EndProject
Global
	GlobalSection(SolutionConfigurationPlatforms) = preSolution
		Debug|Any CPU = Debug|Any CPU
		Release|Any CPU = Release|Any CPU
	EndGlobalSection
	GlobalSection(ProjectConfigurationPlatforms) = postSolution
		{9CF96AE2-3945-4165-A2EC-36D03D3AB6B6}.Debug|Any CPU.ActiveCfg = Debug|Any CPU
		{9CF96AE2-3945-4165-A2EC-36D03D3AB6B6}.Debug|Any CPU.Build.0 = Debug|Any CPU
		{9CF96AE2-3945-4165-A2EC-36D03D3AB6B6}.Release|Any CPU.ActiveCfg = Release|Any CPU
		{9CF96AE2-3945-4165-A2EC-36D03D3AB6B6}.Release|Any CPU.Build.0 = Release|Any CPU
	EndGlobalSection
	GlobalSection(SolutionProperties) = preSolution
		HideSolutionNode = FALSE
	EndGlobalSection
	GlobalSection(ExtensibilityGlobals) = postSolution
		SolutionGuid = {62F5064D-4458-43BB-8B5A-58ACE77D915A}
	EndGlobalSection
EndGlobal
